// !$*UTF8*$!
{
	archiveVersion = 1;
	classes = {
	};
	objectVersion = 50;
	objects = {

/* Begin PBXBuildFile section */
		0AE54B032125F43D00834B6E /* TimerViewController.swift in Sources */ = {isa = PBXBuildFile; fileRef = 0AE54B022125F43D00834B6E /* TimerViewController.swift */; };
		F93C838421233FF7009BE2A1 /* AppDelegate.swift in Sources */ = {isa = PBXBuildFile; fileRef = F93C838321233FF7009BE2A1 /* AppDelegate.swift */; };
		F93C838621233FF7009BE2A1 /* ViewController.swift in Sources */ = {isa = PBXBuildFile; fileRef = F93C838521233FF7009BE2A1 /* ViewController.swift */; };
		F93C838921233FF7009BE2A1 /* Main.storyboard in Resources */ = {isa = PBXBuildFile; fileRef = F93C838721233FF7009BE2A1 /* Main.storyboard */; };
		F93C838B21233FFB009BE2A1 /* Assets.xcassets in Resources */ = {isa = PBXBuildFile; fileRef = F93C838A21233FFB009BE2A1 /* Assets.xcassets */; };
		F93C838E21233FFB009BE2A1 /* LaunchScreen.storyboard in Resources */ = {isa = PBXBuildFile; fileRef = F93C838C21233FFB009BE2A1 /* LaunchScreen.storyboard */; };
		F93C839621236C90009BE2A1 /* ShakableTextField.swift in Sources */ = {isa = PBXBuildFile; fileRef = F93C839521236C90009BE2A1 /* ShakableTextField.swift */; };
/* End PBXBuildFile section */

/* Begin PBXFileReference section */
		0AE54B022125F43D00834B6E /* TimerViewController.swift */ = {isa = PBXFileReference; lastKnownFileType = sourcecode.swift; path = TimerViewController.swift; sourceTree = "<group>"; };
		F93C838021233FF6009BE2A1 /* AnimationSample.app */ = {isa = PBXFileReference; explicitFileType = wrapper.application; includeInIndex = 0; path = AnimationSample.app; sourceTree = BUILT_PRODUCTS_DIR; };
		F93C838321233FF7009BE2A1 /* AppDelegate.swift */ = {isa = PBXFileReference; lastKnownFileType = sourcecode.swift; path = AppDelegate.swift; sourceTree = "<group>"; };
		F93C838521233FF7009BE2A1 /* ViewController.swift */ = {isa = PBXFileReference; lastKnownFileType = sourcecode.swift; path = ViewController.swift; sourceTree = "<group>"; };
		F93C838821233FF7009BE2A1 /* Base */ = {isa = PBXFileReference; lastKnownFileType = file.storyboard; name = Base; path = Base.lproj/Main.storyboard; sourceTree = "<group>"; };
		F93C838A21233FFB009BE2A1 /* Assets.xcassets */ = {isa = PBXFileReference; lastKnownFileType = folder.assetcatalog; path = Assets.xcassets; sourceTree = "<group>"; };
		F93C838D21233FFB009BE2A1 /* Base */ = {isa = PBXFileReference; lastKnownFileType = file.storyboard; name = Base; path = Base.lproj/LaunchScreen.storyboard; sourceTree = "<group>"; };
		F93C838F21233FFB009BE2A1 /* Info.plist */ = {isa = PBXFileReference; lastKnownFileType = text.plist.xml; path = Info.plist; sourceTree = "<group>"; };
		F93C839521236C90009BE2A1 /* ShakableTextField.swift */ = {isa = PBXFileReference; lastKnownFileType = sourcecode.swift; path = ShakableTextField.swift; sourceTree = "<group>"; };
/* End PBXFileReference section */

/* Begin PBXFrameworksBuildPhase section */
		F93C837D21233FF6009BE2A1 /* Frameworks */ = {
			isa = PBXFrameworksBuildPhase;
			buildActionMask = 2147483647;
			files = (
			);
			runOnlyForDeploymentPostprocessing = 0;
		};
/* End PBXFrameworksBuildPhase section */

/* Begin PBXGroup section */
		0A32BB112126F5F300F1F13E /* Controllers */ = {
			isa = PBXGroup;
			children = (
				F93C838521233FF7009BE2A1 /* ViewController.swift */,
				F93C839521236C90009BE2A1 /* ShakableTextField.swift */,
				0AE54B022125F43D00834B6E /* TimerViewController.swift */,
			);
			path = Controllers;
			sourceTree = "<group>";
		};
		0A32BB122126F61F00F1F13E /* Support Files */ = {
			isa = PBXGroup;
			children = (
				F93C838321233FF7009BE2A1 /* AppDelegate.swift */,
				F93C838A21233FFB009BE2A1 /* Assets.xcassets */,
				F93C838C21233FFB009BE2A1 /* LaunchScreen.storyboard */,
				F93C838F21233FFB009BE2A1 /* Info.plist */,
			);
			path = "Support Files";
			sourceTree = "<group>";
		};
		0A32BB132126F63300F1F13E /* View */ = {
			isa = PBXGroup;
			children = (
				F93C838721233FF7009BE2A1 /* Main.storyboard */,
			);
			path = View;
			sourceTree = "<group>";
		};
		F93C837721233FF6009BE2A1 = {
			isa = PBXGroup;
			children = (
				F93C838221233FF6009BE2A1 /* AnimationSample */,
				F93C838121233FF6009BE2A1 /* Products */,
			);
			sourceTree = "<group>";
		};
		F93C838121233FF6009BE2A1 /* Products */ = {
			isa = PBXGroup;
			children = (
				F93C838021233FF6009BE2A1 /* AnimationSample.app */,
			);
			name = Products;
			sourceTree = "<group>";
		};
		F93C838221233FF6009BE2A1 /* AnimationSample */ = {
			isa = PBXGroup;
			children = (
				0A32BB122126F61F00F1F13E /* Support Files */,
				0A32BB132126F63300F1F13E /* View */,
				0A32BB112126F5F300F1F13E /* Controllers */,
			);
			path = AnimationSample;
			sourceTree = "<group>";
		};
/* End PBXGroup section */

/* Begin PBXNativeTarget section */
		F93C837F21233FF6009BE2A1 /* AnimationSample */ = {
			isa = PBXNativeTarget;
			buildConfigurationList = F93C839221233FFB009BE2A1 /* Build configuration list for PBXNativeTarget "AnimationSample" */;
			buildPhases = (
				F93C837C21233FF6009BE2A1 /* Sources */,
				F93C837D21233FF6009BE2A1 /* Frameworks */,
				F93C837E21233FF6009BE2A1 /* Resources */,
			);
			buildRules = (
			);
			dependencies = (
			);
			name = AnimationSample;
			productName = AnimationSample;
			productReference = F93C838021233FF6009BE2A1 /* AnimationSample.app */;
			productType = "com.apple.product-type.application";
		};
/* End PBXNativeTarget section */

/* Begin PBXProject section */
		F93C837821233FF6009BE2A1 /* Project object */ = {
			isa = PBXProject;
			attributes = {
				LastSwiftUpdateCheck = 0940;
				LastUpgradeCheck = 0940;
				ORGANIZATIONNAME = "Слава";
				TargetAttributes = {
					F93C837F21233FF6009BE2A1 = {
						CreatedOnToolsVersion = 9.4.1;
					};
				};
			};
			buildConfigurationList = F93C837B21233FF6009BE2A1 /* Build configuration list for PBXProject "AnimationSample" */;
			compatibilityVersion = "Xcode 9.3";
			developmentRegion = en;
			hasScannedForEncodings = 0;
			knownRegions = (
				en,
				Base,
			);
			mainGroup = F93C837721233FF6009BE2A1;
			productRefGroup = F93C838121233FF6009BE2A1 /* Products */;
			projectDirPath = "";
			projectRoot = "";
			targets = (
				F93C837F21233FF6009BE2A1 /* AnimationSample */,
			);
		};
/* End PBXProject section */

/* Begin PBXResourcesBuildPhase section */
		F93C837E21233FF6009BE2A1 /* Resources */ = {
			isa = PBXResourcesBuildPhase;
			buildActionMask = 2147483647;
			files = (
				F93C838E21233FFB009BE2A1 /* LaunchScreen.storyboard in Resources */,
				F93C838B21233FFB009BE2A1 /* Assets.xcassets in Resources */,
				F93C838921233FF7009BE2A1 /* Main.storyboard in Resources */,
			);
			runOnlyForDeploymentPostprocessing = 0;
		};
/* End PBXResourcesBuildPhase section */

/* Begin PBXSourcesBuildPhase section */
		F93C837C21233FF6009BE2A1 /* Sources */ = {
			isa = PBXSourcesBuildPhase;
			buildActionMask = 2147483647;
			files = (
				0AE54B032125F43D00834B6E /* TimerViewController.swift in Sources */,
				F93C838621233FF7009BE2A1 /* ViewController.swift in Sources */,
				F93C838421233FF7009BE2A1 /* AppDelegate.swift in Sources */,
				F93C839621236C90009BE2A1 /* ShakableTextField.swift in Sources */,
			);
			runOnlyForDeploymentPostprocessing = 0;
		};
/* End PBXSourcesBuildPhase section */

/* Begin PBXVariantGroup section */
		F93C838721233FF7009BE2A1 /* Main.storyboard */ = {
			isa = PBXVariantGroup;
			children = (
				F93C838821233FF7009BE2A1 /* Base */,
			);
			name = Main.storyboard;
			sourceTree = "<group>";
		};
		F93C838C21233FFB009BE2A1 /* LaunchScreen.storyboard */ = {
			isa = PBXVariantGroup;
			children = (
				F93C838D21233FFB009BE2A1 /* Base */,
			);
			name = LaunchScreen.storyboard;
			sourceTree = "<group>";
		};
/* End PBXVariantGroup section */

/* Begin XCBuildConfiguration section */
		F93C839021233FFB009BE2A1 /* Debug */ = {
			isa = XCBuildConfiguration;
			buildSettings = {
				ALWAYS_SEARCH_USER_PATHS = NO;
				CLANG_ANALYZER_NONNULL = YES;
				CLANG_ANALYZER_NUMBER_OBJECT_CONVERSION = YES_AGGRESSIVE;
				CLANG_CXX_LANGUAGE_STANDARD = "gnu++14";
				CLANG_CXX_LIBRARY = "libc++";
				CLANG_ENABLE_MODULES = YES;
				CLANG_ENABLE_OBJC_ARC = YES;
				CLANG_ENABLE_OBJC_WEAK = YES;
				CLANG_WARN_BLOCK_CAPTURE_AUTORELEASING = YES;
				CLANG_WARN_BOOL_CONVERSION = YES;
				CLANG_WARN_COMMA = YES;
				CLANG_WARN_CONSTANT_CONVERSION = YES;
				CLANG_WARN_DEPRECATED_OBJC_IMPLEMENTATIONS = YES;
				CLANG_WARN_DIRECT_OBJC_ISA_USAGE = YES_ERROR;
				CLANG_WARN_DOCUMENTATION_COMMENTS = YES;
				CLANG_WARN_EMPTY_BODY = YES;
				CLANG_WARN_ENUM_CONVERSION = YES;
				CLANG_WARN_INFINITE_RECURSION = YES;
				CLANG_WARN_INT_CONVERSION = YES;
				CLANG_WARN_NON_LITERAL_NULL_CONVERSION = YES;
				CLANG_WARN_OBJC_IMPLICIT_RETAIN_SELF = YES;
				CLANG_WARN_OBJC_LITERAL_CONVERSION = YES;
				CLANG_WARN_OBJC_ROOT_CLASS = YES_ERROR;
				CLANG_WARN_RANGE_LOOP_ANALYSIS = YES;
				CLANG_WARN_STRICT_PROTOTYPES = YES;
				CLANG_WARN_SUSPICIOUS_MOVE = YES;
				CLANG_WARN_UNGUARDED_AVAILABILITY = YES_AGGRESSIVE;
				CLANG_WARN_UNREACHABLE_CODE = YES;
				CLANG_WARN__DUPLICATE_METHOD_MATCH = YES;
				CODE_SIGN_IDENTITY = "iPhone Developer";
				COPY_PHASE_STRIP = NO;
				DEBUG_INFORMATION_FORMAT = dwarf;
				ENABLE_STRICT_OBJC_MSGSEND = YES;
				ENABLE_TESTABILITY = YES;
				GCC_C_LANGUAGE_STANDARD = gnu11;
				GCC_DYNAMIC_NO_PIC = NO;
				GCC_NO_COMMON_BLOCKS = YES;
				GCC_OPTIMIZATION_LEVEL = 0;
				GCC_PREPROCESSOR_DEFINITIONS = (
					"DEBUG=1",
					"$(inherited)",
				);
				GCC_WARN_64_TO_32_BIT_CONVERSION = YES;
				GCC_WARN_ABOUT_RETURN_TYPE = YES_ERROR;
				GCC_WARN_UNDECLARED_SELECTOR = YES;
				GCC_WARN_UNINITIALIZED_AUTOS = YES_AGGRESSIVE;
				GCC_WARN_UNUSED_FUNCTION = YES;
				GCC_WARN_UNUSED_VARIABLE = YES;
				IPHONEOS_DEPLOYMENT_TARGET = 11.4;
				MTL_ENABLE_DEBUG_INFO = YES;
				ONLY_ACTIVE_ARCH = YES;
				SDKROOT = iphoneos;
				SWIFT_ACTIVE_COMPILATION_CONDITIONS = DEBUG;
				SWIFT_OPTIMIZATION_LEVEL = "-Onone";
			};
			name = Debug;
		};
		F93C839121233FFB009BE2A1 /* Release */ = {
			isa = XCBuildConfiguration;
			buildSettings = {
				ALWAYS_SEARCH_USER_PATHS = NO;
				CLANG_ANALYZER_NONNULL = YES;
				CLANG_ANALYZER_NUMBER_OBJECT_CONVERSION = YES_AGGRESSIVE;
				CLANG_CXX_LANGUAGE_STANDARD = "gnu++14";
				CLANG_CXX_LIBRARY = "libc++";
				CLANG_ENABLE_MODULES = YES;
				CLANG_ENABLE_OBJC_ARC = YES;
				CLANG_ENABLE_OBJC_WEAK = YES;
				CLANG_WARN_BLOCK_CAPTURE_AUTORELEASING = YES;
				CLANG_WARN_BOOL_CONVERSION = YES;
				CLANG_WARN_COMMA = YES;
				CLANG_WARN_CONSTANT_CONVERSION = YES;
				CLANG_WARN_DEPRECATED_OBJC_IMPLEMENTATIONS = YES;
				CLANG_WARN_DIRECT_OBJC_ISA_USAGE = YES_ERROR;
				CLANG_WARN_DOCUMENTATION_COMMENTS = YES;
				CLANG_WARN_EMPTY_BODY = YES;
				CLANG_WARN_ENUM_CONVERSION = YES;
				CLANG_WARN_INFINITE_RECURSION = YES;
				CLANG_WARN_INT_CONVERSION = YES;
				CLANG_WARN_NON_LITERAL_NULL_CONVERSION = YES;
				CLANG_WARN_OBJC_IMPLICIT_RETAIN_SELF = YES;
				CLANG_WARN_OBJC_LITERAL_CONVERSION = YES;
				CLANG_WARN_OBJC_ROOT_CLASS = YES_ERROR;
				CLANG_WARN_RANGE_LOOP_ANALYSIS = YES;
				CLANG_WARN_STRICT_PROTOTYPES = YES;
				CLANG_WARN_SUSPICIOUS_MOVE = YES;
				CLANG_WARN_UNGUARDED_AVAILABILITY = YES_AGGRESSIVE;
				CLANG_WARN_UNREACHABLE_CODE = YES;
				CLANG_WARN__DUPLICATE_METHOD_MATCH = YES;
				CODE_SIGN_IDENTITY = "iPhone Developer";
				COPY_PHASE_STRIP = NO;
				DEBUG_INFORMATION_FORMAT = "dwarf-with-dsym";
				ENABLE_NS_ASSERTIONS = NO;
				ENABLE_STRICT_OBJC_MSGSEND = YES;
				GCC_C_LANGUAGE_STANDARD = gnu11;
				GCC_NO_COMMON_BLOCKS = YES;
				GCC_WARN_64_TO_32_BIT_CONVERSION = YES;
				GCC_WARN_ABOUT_RETURN_TYPE = YES_ERROR;
				GCC_WARN_UNDECLARED_SELECTOR = YES;
				GCC_WARN_UNINITIALIZED_AUTOS = YES_AGGRESSIVE;
				GCC_WARN_UNUSED_FUNCTION = YES;
				GCC_WARN_UNUSED_VARIABLE = YES;
				IPHONEOS_DEPLOYMENT_TARGET = 11.4;
				MTL_ENABLE_DEBUG_INFO = NO;
				SDKROOT = iphoneos;
				SWIFT_COMPILATION_MODE = wholemodule;
				SWIFT_OPTIMIZATION_LEVEL = "-O";
				VALIDATE_PRODUCT = YES;
			};
			name = Release;
		};
		F93C839321233FFB009BE2A1 /* Debug */ = {
			isa = XCBuildConfiguration;
			buildSettings = {
				ASSETCATALOG_COMPILER_APPICON_NAME = AppIcon;
				CODE_SIGN_STYLE = Automatic;
				DEVELOPMENT_TEAM = BJ7245G6JV;
				INFOPLIST_FILE = "$(SRCROOT)/AnimationSample/Support Files/Info.plist";
				LD_RUNPATH_SEARCH_PATHS = (
					"$(inherited)",
					"@executable_path/Frameworks",
				);
				PRODUCT_BUNDLE_IDENTIFIER = Yury.AnimationSample;
				PRODUCT_NAME = "$(TARGET_NAME)";
				SWIFT_VERSION = 4.0;
				TARGETED_DEVICE_FAMILY = "1,2";
			};
			name = Debug;
		};
		F93C839421233FFB009BE2A1 /* Release */ = {
			isa = XCBuildConfiguration;
			buildSettings = {
				ASSETCATALOG_COMPILER_APPICON_NAME = AppIcon;
				CODE_SIGN_STYLE = Automatic;
				DEVELOPMENT_TEAM = BJ7245G6JV;
				INFOPLIST_FILE = "$(SRCROOT)/AnimationSample/Support Files/Info.plist";
				LD_RUNPATH_SEARCH_PATHS = (
					"$(inherited)",
					"@executable_path/Frameworks",
				);
				PRODUCT_BUNDLE_IDENTIFIER = Yury.AnimationSample;
				PRODUCT_NAME = "$(TARGET_NAME)";
				SWIFT_VERSION = 4.0;
				TARGETED_DEVICE_FAMILY = "1,2";
			};
			name = Release;
		};
/* End XCBuildConfiguration section */

/* Begin XCConfigurationList section */
		F93C837B21233FF6009BE2A1 /* Build configuration list for PBXProject "AnimationSample" */ = {
			isa = XCConfigurationList;
			buildConfigurations = (
				F93C839021233FFB009BE2A1 /* Debug */,
				F93C839121233FFB009BE2A1 /* Release */,
			);
			defaultConfigurationIsVisible = 0;
			defaultConfigurationName = Release;
		};
		F93C839221233FFB009BE2A1 /* Build configuration list for PBXNativeTarget "AnimationSample" */ = {
			isa = XCConfigurationList;
			buildConfigurations = (
				F93C839321233FFB009BE2A1 /* Debug */,
				F93C839421233FFB009BE2A1 /* Release */,
			);
			defaultConfigurationIsVisible = 0;
			defaultConfigurationName = Release;
		};
/* End XCConfigurationList section */
	};
	rootObject = F93C837821233FF6009BE2A1 /* Project object */;
}
